
Microsoft Visual Studio Solution File, Format Version 12.00
# Visual Studio 15
VisualStudioVersion = 15.0.28307.960
MinimumVisualStudioVersion = 10.0.40219.1
Project("{FAE04EC0-301F-11D3-BF4B-00C04F79EFBC}") = "CL_ProcessJson", "CL_ProcessJson\CL_ProcessJson.csproj", "{2E7AEC68-6FAD-4EB3-88BF-53ABB7E30820}"
EndProject
Global
	GlobalSection(SolutionConfigurationPlatforms) = preSolution
		Debug|Any CPU = Debug|Any CPU
		Release|Any CPU = Release|Any CPU
	EndGlobalSection
	GlobalSection(ProjectConfigurationPlatforms) = postSolution
		{2E7AEC68-6FAD-4EB3-88BF-53ABB7E30820}.Debug|Any CPU.ActiveCfg = Debug|Any CPU
		{2E7AEC68-6FAD-4EB3-88BF-53ABB7E30820}.Debug|Any CPU.Build.0 = Debug|Any CPU
		{2E7AEC68-6FAD-4EB3-88BF-53ABB7E30820}.Release|Any CPU.ActiveCfg = Release|Any CPU
		{2E7AEC68-6FAD-4EB3-88BF-53ABB7E30820}.Release|Any CPU.Build.0 = Release|Any CPU
	EndGlobalSection
	GlobalSection(SolutionProperties) = preSolution
		HideSolutionNode = FALSE
	EndGlobalSection
	GlobalSection(ExtensibilityGlobals) = postSolution
		SolutionGuid = {A879708D-4ECB-4BFF-9129-0A69BD6F796A}
	EndGlobalSection
EndGlobal
